<?xml version="1.0" encoding="UTF-8" standalone="yes" ?>
<CodeBlocks_project_file>
	<FileVersion major="1" minor="6" />
	<Project>
		<Option title="RPipeServer" />
		<Option pch_mode="2" />
		<Option compiler="gcc" />
		<Build>
			<Target title="Release">
				<Option output="bin/RPipeServer" prefix_auto="1" extension_auto="1" />
				<Option object_output="obj/" />
				<Option type="1" />
				<Option compiler="gcc" />
				<Compiler>
					<Add option="-O2" />
					<Add option="-std=c++11" />
				</Compiler>
				<Linker>
					<Add option="-s" />
				</Linker>
			</Target>
		</Build>
		<Compiler>
			<Add option="-std=c++11" />
			<Add option="-Wall" />
		</Compiler>
		<Unit filename="buffer.cpp" />
		<Unit filename="data_client.hpp" />
		<Unit filename="rpipe_cmd.h" />
		<Unit filename="rpipe_cmd_server.cpp">
			<Option compilerVar="CC" />
		</Unit>
		<Unit filename="rpipe_cmd_svc.c">
			<Option compilerVar="CC" />
		</Unit>
		<Unit filename="rpipe_cmd_xdr.c">
			<Option compilerVar="CC" />
		</Unit>
		<Unit filename="rpipe_data.h" />
		<Unit filename="rpipe_data_client.cpp">
			<Option compilerVar="CC" />
		</Unit>
		<Unit filename="rpipe_data_clnt.c">
			<Option compilerVar="CC" />
		</Unit>
		<Unit filename="rpipe_data_xdr.c">
			<Option compilerVar="CC" />
		</Unit>
		<Unit filename="scheduler.cpp" />
		<Unit filename="scheduler.hpp" />
		<Unit filename="z85.c">
			<Option compilerVar="CC" />
		</Unit>
		<Unit filename="z85.h" />
		<Extensions>
			<code_completion />
			<envvars />
			<lib_finder disable_auto="1" />
			<debugger />
		</Extensions>
	</Project>
</CodeBlocks_project_file>
