<?xml version="1.0" encoding="UTF-8" standalone="yes" ?>
<CodeBlocks_project_file>
	<FileVersion major="1" minor="6" />
	<Project>
		<Option title="RPipeClient" />
		<Option pch_mode="2" />
		<Option compiler="gcc" />
		<Build>
			<Target title="Release">
				<Option output="bin/RPipeClient" prefix_auto="1" extension_auto="1" />
				<Option object_output="obj/" />
				<Option type="1" />
				<Option compiler="gcc" />
				<Compiler>
					<Add option="-O2" />
				</Compiler>
				<Linker>
					<Add option="-s" />
				</Linker>
			</Target>
		</Build>
		<Compiler>
			<Add option="-Wall" />
		</Compiler>
		<Unit filename="rcb.h" />
		<Unit filename="rcb_server.cpp">
			<Option compilerVar="CC" />
		</Unit>
		<Unit filename="rcb_svc.c">
			<Option compilerVar="CC" />
		</Unit>
		<Unit filename="rcb_xdr.c">
			<Option compilerVar="CC" />
		</Unit>
		<Unit filename="rpipe.h" />
		<Unit filename="rpipe_client.cpp">
			<Option compilerVar="CC" />
		</Unit>
		<Unit filename="rpipe_clnt.c">
			<Option compilerVar="CC" />
		</Unit>
		<Unit filename="rpipe_xdr.c">
			<Option compilerVar="CC" />
		</Unit>
		<Unit filename="utils.h" />
		<Unit filename="z85.c">
			<Option compilerVar="CC" />
		</Unit>
		<Extensions>
			<code_completion />
			<envvars />
			<lib_finder disable_auto="1" />
			<debugger />
		</Extensions>
	</Project>
</CodeBlocks_project_file>
